# THIS IS AN AUTOGENERATED FILE. DO NOT EDIT THIS FILE DIRECTLY.
# yarn lockfile v1


xml-formatter@^2.4.0:
  version "2.4.0"
  resolved "https://registry.yarnpkg.com/xml-formatter/-/xml-formatter-2.4.0.tgz#c956ea6c5345240c0829da86a5e81d44ed4cb9c7"
  integrity sha512-xTQ2IfbkCQKn0DGN5SD5KUgTgVohWiolyOXTLUHKJczIuSeGonN0BPduB9VQR5HOEuT1KOHQsOHSmTpU76zpUA==
  dependencies:
    xml-parser-xo "^3.1.1"

xml-parser-xo@^3.1.1:
  version "3.1.1"
  resolved "https://registry.yarnpkg.com/xml-parser-xo/-/xml-parser-xo-3.1.1.tgz#a87d92e44fa8ad3ba7242517df96e6b0893f1f47"
  integrity sha512-gq1nDlJxjKQpPPZUhLbJ52pghtlB4Rz6LAQULm3SF6xzOYVnUloBglNhJR9vtZB3vIxMN/R3nZTf3qmun+6GCg==
